
Microsoft Visual Studio Solution File, Format Version 12.00
# Visual Studio Version 16
VisualStudioVersion = 16.0.29709.97
MinimumVisualStudioVersion = 10.0.40219.1
Project("{9A19103F-16F7-4668-BE54-9A1E7A4F7556}") = "WebApplication1", "inclass\WebApplication1.csproj", "{FDB7BA8C-B8F0-43BB-A449-09C2B0F2F42F}"
EndProject
Project("{9A19103F-16F7-4668-BE54-9A1E7A4F7556}") = "Library", "ClassLibrary1\Library.csproj", "{9EAF3FA4-4955-45C3-A544-E37D70D1EA88}"
EndProject
Project("{9A19103F-16F7-4668-BE54-9A1E7A4F7556}") = "DataModels", "DataModels\DataModels.csproj", "{1F32E66C-0AF1-4483-87D3-FF54500D8E37}"
EndProject
Project("{9A19103F-16F7-4668-BE54-9A1E7A4F7556}") = "DAL", "DAL\DAL.csproj", "{7C167051-B1FC-4394-8518-38CF95406040}"
EndProject
Global
	GlobalSection(SolutionConfigurationPlatforms) = preSolution
		Debug|Any CPU = Debug|Any CPU
		Release|Any CPU = Release|Any CPU
	EndGlobalSection
	GlobalSection(ProjectConfigurationPlatforms) = postSolution
		{FDB7BA8C-B8F0-43BB-A449-09C2B0F2F42F}.Debug|Any CPU.ActiveCfg = Debug|Any CPU
		{FDB7BA8C-B8F0-43BB-A449-09C2B0F2F42F}.Debug|Any CPU.Build.0 = Debug|Any CPU
		{FDB7BA8C-B8F0-43BB-A449-09C2B0F2F42F}.Release|Any CPU.ActiveCfg = Release|Any CPU
		{FDB7BA8C-B8F0-43BB-A449-09C2B0F2F42F}.Release|Any CPU.Build.0 = Release|Any CPU
		{9EAF3FA4-4955-45C3-A544-E37D70D1EA88}.Debug|Any CPU.ActiveCfg = Debug|Any CPU
		{9EAF3FA4-4955-45C3-A544-E37D70D1EA88}.Debug|Any CPU.Build.0 = Debug|Any CPU
		{9EAF3FA4-4955-45C3-A544-E37D70D1EA88}.Release|Any CPU.ActiveCfg = Release|Any CPU
		{9EAF3FA4-4955-45C3-A544-E37D70D1EA88}.Release|Any CPU.Build.0 = Release|Any CPU
		{1F32E66C-0AF1-4483-87D3-FF54500D8E37}.Debug|Any CPU.ActiveCfg = Debug|Any CPU
		{1F32E66C-0AF1-4483-87D3-FF54500D8E37}.Debug|Any CPU.Build.0 = Debug|Any CPU
		{1F32E66C-0AF1-4483-87D3-FF54500D8E37}.Release|Any CPU.ActiveCfg = Release|Any CPU
		{1F32E66C-0AF1-4483-87D3-FF54500D8E37}.Release|Any CPU.Build.0 = Release|Any CPU
		{7C167051-B1FC-4394-8518-38CF95406040}.Debug|Any CPU.ActiveCfg = Debug|Any CPU
		{7C167051-B1FC-4394-8518-38CF95406040}.Debug|Any CPU.Build.0 = Debug|Any CPU
		{7C167051-B1FC-4394-8518-38CF95406040}.Release|Any CPU.ActiveCfg = Release|Any CPU
		{7C167051-B1FC-4394-8518-38CF95406040}.Release|Any CPU.Build.0 = Release|Any CPU
	EndGlobalSection
	GlobalSection(SolutionProperties) = preSolution
		HideSolutionNode = FALSE
	EndGlobalSection
	GlobalSection(ExtensibilityGlobals) = postSolution
		SolutionGuid = {337C9400-A28B-4E0F-8E73-7AF353E25AE9}
	EndGlobalSection
EndGlobal
